
Microsoft Visual Studio Solution File, Format Version 12.00
# Visual Studio 15
VisualStudioVersion = 15.0.27130.2024
MinimumVisualStudioVersion = 10.0.40219.1
Project("{FAE04EC0-301F-11D3-BF4B-00C04F79EFBC}") = "Road-rangerVS", "Road-rangerVS\Road-rangerVS.csproj", "{5315F753-3495-49FF-AC5F-FFC72ECE038A}"
EndProject
Project("{FAE04EC0-301F-11D3-BF4B-00C04F79EFBC}") = "RoadRangerTest", "RoadRangerTest\RoadRangerTest.csproj", "{97B28B52-1BDD-4F11-B7A9-4DF1D72B9DA1}"
EndProject
Project("{9A19103F-16F7-4668-BE54-9A1E7A4F7556}") = "RoadRangerBackEnd", "RoadRangerBackEnd\RoadRangerBackEnd.csproj", "{9C7B5A48-0244-47EC-884F-84DE5033A1B4}"
EndProject
Project("{FAE04EC0-301F-11D3-BF4B-00C04F79EFBC}") = "RoadRangerMobileApp.Android", "RoadRangerMobileApp\RoadRangerMobileApp.Android\RoadRangerMobileApp.Android.csproj", "{C9C2573B-14A8-42BA-A45A-34ED939A27F9}"
EndProject
Project("{FAE04EC0-301F-11D3-BF4B-00C04F79EFBC}") = "RoadRangerMobileApp.iOS", "RoadRangerMobileApp\RoadRangerMobileApp.iOS\RoadRangerMobileApp.iOS.csproj", "{D0B729BC-21F1-40D1-AA44-E5CA8411950E}"
EndProject
Project("{FAE04EC0-301F-11D3-BF4B-00C04F79EFBC}") = "RoadRangerMobileApp", "RoadRangerMobileApp\RoadRangerMobileApp\RoadRangerMobileApp.csproj", "{96EE3135-6456-44A2-97B4-08BDEC1C84F8}"
EndProject
Global
	GlobalSection(SolutionConfigurationPlatforms) = preSolution
		Ad-Hoc|Any CPU = Ad-Hoc|Any CPU
		Ad-Hoc|iPhone = Ad-Hoc|iPhone
		Ad-Hoc|iPhoneSimulator = Ad-Hoc|iPhoneSimulator
		AppStore|Any CPU = AppStore|Any CPU
		AppStore|iPhone = AppStore|iPhone
		AppStore|iPhoneSimulator = AppStore|iPhoneSimulator
		Debug|Any CPU = Debug|Any CPU
		Debug|iPhone = Debug|iPhone
		Debug|iPhoneSimulator = Debug|iPhoneSimulator
		Release|Any CPU = Release|Any CPU
		Release|iPhone = Release|iPhone
		Release|iPhoneSimulator = Release|iPhoneSimulator
	EndGlobalSection
	GlobalSection(ProjectConfigurationPlatforms) = postSolution
		{5315F753-3495-49FF-AC5F-FFC72ECE038A}.Ad-Hoc|Any CPU.ActiveCfg = Release|Any CPU
		{5315F753-3495-49FF-AC5F-FFC72ECE038A}.Ad-Hoc|Any CPU.Build.0 = Release|Any CPU
		{5315F753-3495-49FF-AC5F-FFC72ECE038A}.Ad-Hoc|iPhone.ActiveCfg = Release|Any CPU
		{5315F753-3495-49FF-AC5F-FFC72ECE038A}.Ad-Hoc|iPhone.Build.0 = Release|Any CPU
		{5315F753-3495-49FF-AC5F-FFC72ECE038A}.Ad-Hoc|iPhoneSimulator.ActiveCfg = Release|Any CPU
		{5315F753-3495-49FF-AC5F-FFC72ECE038A}.Ad-Hoc|iPhoneSimulator.Build.0 = Release|Any CPU
		{5315F753-3495-49FF-AC5F-FFC72ECE038A}.AppStore|Any CPU.ActiveCfg = Release|Any CPU
		{5315F753-3495-49FF-AC5F-FFC72ECE038A}.AppStore|Any CPU.Build.0 = Release|Any CPU
		{5315F753-3495-49FF-AC5F-FFC72ECE038A}.AppStore|iPhone.ActiveCfg = Release|Any CPU
		{5315F753-3495-49FF-AC5F-FFC72ECE038A}.AppStore|iPhone.Build.0 = Release|Any CPU
		{5315F753-3495-49FF-AC5F-FFC72ECE038A}.AppStore|iPhoneSimulator.ActiveCfg = Release|Any CPU
		{5315F753-3495-49FF-AC5F-FFC72ECE038A}.AppStore|iPhoneSimulator.Build.0 = Release|Any CPU
		{5315F753-3495-49FF-AC5F-FFC72ECE038A}.Debug|Any CPU.ActiveCfg = Debug|Any CPU
		{5315F753-3495-49FF-AC5F-FFC72ECE038A}.Debug|Any CPU.Build.0 = Debug|Any CPU
		{5315F753-3495-49FF-AC5F-FFC72ECE038A}.Debug|iPhone.ActiveCfg = Debug|Any CPU
		{5315F753-3495-49FF-AC5F-FFC72ECE038A}.Debug|iPhone.Build.0 = Debug|Any CPU
		{5315F753-3495-49FF-AC5F-FFC72ECE038A}.Debug|iPhoneSimulator.ActiveCfg = Debug|Any CPU
		{5315F753-3495-49FF-AC5F-FFC72ECE038A}.Debug|iPhoneSimulator.Build.0 = Debug|Any CPU
		{5315F753-3495-49FF-AC5F-FFC72ECE038A}.Release|Any CPU.ActiveCfg = Release|Any CPU
		{5315F753-3495-49FF-AC5F-FFC72ECE038A}.Release|Any CPU.Build.0 = Release|Any CPU
		{5315F753-3495-49FF-AC5F-FFC72ECE038A}.Release|iPhone.ActiveCfg = Release|Any CPU
		{5315F753-3495-49FF-AC5F-FFC72ECE038A}.Release|iPhone.Build.0 = Release|Any CPU
		{5315F753-3495-49FF-AC5F-FFC72ECE038A}.Release|iPhoneSimulator.ActiveCfg = Release|Any CPU
		{5315F753-3495-49FF-AC5F-FFC72ECE038A}.Release|iPhoneSimulator.Build.0 = Release|Any CPU
		{97B28B52-1BDD-4F11-B7A9-4DF1D72B9DA1}.Ad-Hoc|Any CPU.ActiveCfg = Release|Any CPU
		{97B28B52-1BDD-4F11-B7A9-4DF1D72B9DA1}.Ad-Hoc|Any CPU.Build.0 = Release|Any CPU
		{97B28B52-1BDD-4F11-B7A9-4DF1D72B9DA1}.Ad-Hoc|iPhone.ActiveCfg = Release|Any CPU
		{97B28B52-1BDD-4F11-B7A9-4DF1D72B9DA1}.Ad-Hoc|iPhone.Build.0 = Release|Any CPU
		{97B28B52-1BDD-4F11-B7A9-4DF1D72B9DA1}.Ad-Hoc|iPhoneSimulator.ActiveCfg = Release|Any CPU
		{97B28B52-1BDD-4F11-B7A9-4DF1D72B9DA1}.Ad-Hoc|iPhoneSimulator.Build.0 = Release|Any CPU
		{97B28B52-1BDD-4F11-B7A9-4DF1D72B9DA1}.AppStore|Any CPU.ActiveCfg = Release|Any CPU
		{97B28B52-1BDD-4F11-B7A9-4DF1D72B9DA1}.AppStore|Any CPU.Build.0 = Release|Any CPU
		{97B28B52-1BDD-4F11-B7A9-4DF1D72B9DA1}.AppStore|iPhone.ActiveCfg = Release|Any CPU
		{97B28B52-1BDD-4F11-B7A9-4DF1D72B9DA1}.AppStore|iPhone.Build.0 = Release|Any CPU
		{97B28B52-1BDD-4F11-B7A9-4DF1D72B9DA1}.AppStore|iPhoneSimulator.ActiveCfg = Release|Any CPU
		{97B28B52-1BDD-4F11-B7A9-4DF1D72B9DA1}.AppStore|iPhoneSimulator.Build.0 = Release|Any CPU
		{97B28B52-1BDD-4F11-B7A9-4DF1D72B9DA1}.Debug|Any CPU.ActiveCfg = Debug|Any CPU
		{97B28B52-1BDD-4F11-B7A9-4DF1D72B9DA1}.Debug|Any CPU.Build.0 = Debug|Any CPU
		{97B28B52-1BDD-4F11-B7A9-4DF1D72B9DA1}.Debug|iPhone.ActiveCfg = Debug|Any CPU
		{97B28B52-1BDD-4F11-B7A9-4DF1D72B9DA1}.Debug|iPhone.Build.0 = Debug|Any CPU
		{97B28B52-1BDD-4F11-B7A9-4DF1D72B9DA1}.Debug|iPhoneSimulator.ActiveCfg = Debug|Any CPU
		{97B28B52-1BDD-4F11-B7A9-4DF1D72B9DA1}.Debug|iPhoneSimulator.Build.0 = Debug|Any CPU
		{97B28B52-1BDD-4F11-B7A9-4DF1D72B9DA1}.Release|Any CPU.ActiveCfg = Release|Any CPU
		{97B28B52-1BDD-4F11-B7A9-4DF1D72B9DA1}.Release|Any CPU.Build.0 = Release|Any CPU
		{97B28B52-1BDD-4F11-B7A9-4DF1D72B9DA1}.Release|iPhone.ActiveCfg = Release|Any CPU
		{97B28B52-1BDD-4F11-B7A9-4DF1D72B9DA1}.Release|iPhone.Build.0 = Release|Any CPU
		{97B28B52-1BDD-4F11-B7A9-4DF1D72B9DA1}.Release|iPhoneSimulator.ActiveCfg = Release|Any CPU
		{97B28B52-1BDD-4F11-B7A9-4DF1D72B9DA1}.Release|iPhoneSimulator.Build.0 = Release|Any CPU
		{9C7B5A48-0244-47EC-884F-84DE5033A1B4}.Ad-Hoc|Any CPU.ActiveCfg = Debug|Any CPU
		{9C7B5A48-0244-47EC-884F-84DE5033A1B4}.Ad-Hoc|Any CPU.Build.0 = Debug|Any CPU
		{9C7B5A48-0244-47EC-884F-84DE5033A1B4}.Ad-Hoc|iPhone.ActiveCfg = Debug|Any CPU
		{9C7B5A48-0244-47EC-884F-84DE5033A1B4}.Ad-Hoc|iPhone.Build.0 = Debug|Any CPU
		{9C7B5A48-0244-47EC-884F-84DE5033A1B4}.Ad-Hoc|iPhoneSimulator.ActiveCfg = Debug|Any CPU
		{9C7B5A48-0244-47EC-884F-84DE5033A1B4}.Ad-Hoc|iPhoneSimulator.Build.0 = Debug|Any CPU
		{9C7B5A48-0244-47EC-884F-84DE5033A1B4}.AppStore|Any CPU.ActiveCfg = Debug|Any CPU
		{9C7B5A48-0244-47EC-884F-84DE5033A1B4}.AppStore|Any CPU.Build.0 = Debug|Any CPU
		{9C7B5A48-0244-47EC-884F-84DE5033A1B4}.AppStore|iPhone.ActiveCfg = Debug|Any CPU
		{9C7B5A48-0244-47EC-884F-84DE5033A1B4}.AppStore|iPhone.Build.0 = Debug|Any CPU
		{9C7B5A48-0244-47EC-884F-84DE5033A1B4}.AppStore|iPhoneSimulator.ActiveCfg = Debug|Any CPU
		{9C7B5A48-0244-47EC-884F-84DE5033A1B4}.AppStore|iPhoneSimulator.Build.0 = Debug|Any CPU
		{9C7B5A48-0244-47EC-884F-84DE5033A1B4}.Debug|Any CPU.ActiveCfg = Debug|Any CPU
		{9C7B5A48-0244-47EC-884F-84DE5033A1B4}.Debug|Any CPU.Build.0 = Debug|Any CPU
		{9C7B5A48-0244-47EC-884F-84DE5033A1B4}.Debug|iPhone.ActiveCfg = Debug|Any CPU
		{9C7B5A48-0244-47EC-884F-84DE5033A1B4}.Debug|iPhone.Build.0 = Debug|Any CPU
		{9C7B5A48-0244-47EC-884F-84DE5033A1B4}.Debug|iPhoneSimulator.ActiveCfg = Debug|Any CPU
		{9C7B5A48-0244-47EC-884F-84DE5033A1B4}.Debug|iPhoneSimulator.Build.0 = Debug|Any CPU
		{9C7B5A48-0244-47EC-884F-84DE5033A1B4}.Release|Any CPU.ActiveCfg = Release|Any CPU
		{9C7B5A48-0244-47EC-884F-84DE5033A1B4}.Release|Any CPU.Build.0 = Release|Any CPU
		{9C7B5A48-0244-47EC-884F-84DE5033A1B4}.Release|iPhone.ActiveCfg = Release|Any CPU
		{9C7B5A48-0244-47EC-884F-84DE5033A1B4}.Release|iPhone.Build.0 = Release|Any CPU
		{9C7B5A48-0244-47EC-884F-84DE5033A1B4}.Release|iPhoneSimulator.ActiveCfg = Release|Any CPU
		{9C7B5A48-0244-47EC-884F-84DE5033A1B4}.Release|iPhoneSimulator.Build.0 = Release|Any CPU
		{C9C2573B-14A8-42BA-A45A-34ED939A27F9}.Ad-Hoc|Any CPU.ActiveCfg = Release|Any CPU
		{C9C2573B-14A8-42BA-A45A-34ED939A27F9}.Ad-Hoc|Any CPU.Build.0 = Release|Any CPU
		{C9C2573B-14A8-42BA-A45A-34ED939A27F9}.Ad-Hoc|Any CPU.Deploy.0 = Release|Any CPU
		{C9C2573B-14A8-42BA-A45A-34ED939A27F9}.Ad-Hoc|iPhone.ActiveCfg = Release|Any CPU
		{C9C2573B-14A8-42BA-A45A-34ED939A27F9}.Ad-Hoc|iPhone.Build.0 = Release|Any CPU
		{C9C2573B-14A8-42BA-A45A-34ED939A27F9}.Ad-Hoc|iPhone.Deploy.0 = Release|Any CPU
		{C9C2573B-14A8-42BA-A45A-34ED939A27F9}.Ad-Hoc|iPhoneSimulator.ActiveCfg = Release|Any CPU
		{C9C2573B-14A8-42BA-A45A-34ED939A27F9}.Ad-Hoc|iPhoneSimulator.Build.0 = Release|Any CPU
		{C9C2573B-14A8-42BA-A45A-34ED939A27F9}.Ad-Hoc|iPhoneSimulator.Deploy.0 = Release|Any CPU
		{C9C2573B-14A8-42BA-A45A-34ED939A27F9}.AppStore|Any CPU.ActiveCfg = Release|Any CPU
		{C9C2573B-14A8-42BA-A45A-34ED939A27F9}.AppStore|Any CPU.Build.0 = Release|Any CPU
		{C9C2573B-14A8-42BA-A45A-34ED939A27F9}.AppStore|Any CPU.Deploy.0 = Release|Any CPU
		{C9C2573B-14A8-42BA-A45A-34ED939A27F9}.AppStore|iPhone.ActiveCfg = Release|Any CPU
		{C9C2573B-14A8-42BA-A45A-34ED939A27F9}.AppStore|iPhone.Build.0 = Release|Any CPU
		{C9C2573B-14A8-42BA-A45A-34ED939A27F9}.AppStore|iPhone.Deploy.0 = Release|Any CPU
		{C9C2573B-14A8-42BA-A45A-34ED939A27F9}.AppStore|iPhoneSimulator.ActiveCfg = Release|Any CPU
		{C9C2573B-14A8-42BA-A45A-34ED939A27F9}.AppStore|iPhoneSimulator.Build.0 = Release|Any CPU
		{C9C2573B-14A8-42BA-A45A-34ED939A27F9}.AppStore|iPhoneSimulator.Deploy.0 = Release|Any CPU
		{C9C2573B-14A8-42BA-A45A-34ED939A27F9}.Debug|Any CPU.ActiveCfg = Debug|Any CPU
		{C9C2573B-14A8-42BA-A45A-34ED939A27F9}.Debug|Any CPU.Build.0 = Debug|Any CPU
		{C9C2573B-14A8-42BA-A45A-34ED939A27F9}.Debug|Any CPU.Deploy.0 = Debug|Any CPU
		{C9C2573B-14A8-42BA-A45A-34ED939A27F9}.Debug|iPhone.ActiveCfg = Debug|Any CPU
		{C9C2573B-14A8-42BA-A45A-34ED939A27F9}.Debug|iPhone.Build.0 = Debug|Any CPU
		{C9C2573B-14A8-42BA-A45A-34ED939A27F9}.Debug|iPhone.Deploy.0 = Debug|Any CPU
		{C9C2573B-14A8-42BA-A45A-34ED939A27F9}.Debug|iPhoneSimulator.ActiveCfg = Debug|Any CPU
		{C9C2573B-14A8-42BA-A45A-34ED939A27F9}.Debug|iPhoneSimulator.Build.0 = Debug|Any CPU
		{C9C2573B-14A8-42BA-A45A-34ED939A27F9}.Debug|iPhoneSimulator.Deploy.0 = Debug|Any CPU
		{C9C2573B-14A8-42BA-A45A-34ED939A27F9}.Release|Any CPU.ActiveCfg = Release|Any CPU
		{C9C2573B-14A8-42BA-A45A-34ED939A27F9}.Release|Any CPU.Build.0 = Release|Any CPU
		{C9C2573B-14A8-42BA-A45A-34ED939A27F9}.Release|Any CPU.Deploy.0 = Release|Any CPU
		{C9C2573B-14A8-42BA-A45A-34ED939A27F9}.Release|iPhone.ActiveCfg = Release|Any CPU
		{C9C2573B-14A8-42BA-A45A-34ED939A27F9}.Release|iPhone.Build.0 = Release|Any CPU
		{C9C2573B-14A8-42BA-A45A-34ED939A27F9}.Release|iPhone.Deploy.0 = Release|Any CPU
		{C9C2573B-14A8-42BA-A45A-34ED939A27F9}.Release|iPhoneSimulator.ActiveCfg = Release|Any CPU
		{C9C2573B-14A8-42BA-A45A-34ED939A27F9}.Release|iPhoneSimulator.Build.0 = Release|Any CPU
		{C9C2573B-14A8-42BA-A45A-34ED939A27F9}.Release|iPhoneSimulator.Deploy.0 = Release|Any CPU
		{D0B729BC-21F1-40D1-AA44-E5CA8411950E}.Ad-Hoc|Any CPU.ActiveCfg = Ad-Hoc|iPhone
		{D0B729BC-21F1-40D1-AA44-E5CA8411950E}.Ad-Hoc|iPhone.ActiveCfg = Ad-Hoc|iPhone
		{D0B729BC-21F1-40D1-AA44-E5CA8411950E}.Ad-Hoc|iPhone.Build.0 = Ad-Hoc|iPhone
		{D0B729BC-21F1-40D1-AA44-E5CA8411950E}.Ad-Hoc|iPhoneSimulator.ActiveCfg = Ad-Hoc|iPhoneSimulator
		{D0B729BC-21F1-40D1-AA44-E5CA8411950E}.Ad-Hoc|iPhoneSimulator.Build.0 = Ad-Hoc|iPhoneSimulator
		{D0B729BC-21F1-40D1-AA44-E5CA8411950E}.AppStore|Any CPU.ActiveCfg = AppStore|iPhone
		{D0B729BC-21F1-40D1-AA44-E5CA8411950E}.AppStore|iPhone.ActiveCfg = AppStore|iPhone
		{D0B729BC-21F1-40D1-AA44-E5CA8411950E}.AppStore|iPhone.Build.0 = AppStore|iPhone
		{D0B729BC-21F1-40D1-AA44-E5CA8411950E}.AppStore|iPhoneSimulator.ActiveCfg = AppStore|iPhoneSimulator
		{D0B729BC-21F1-40D1-AA44-E5CA8411950E}.AppStore|iPhoneSimulator.Build.0 = AppStore|iPhoneSimulator
		{D0B729BC-21F1-40D1-AA44-E5CA8411950E}.Debug|Any CPU.ActiveCfg = Debug|iPhone
		{D0B729BC-21F1-40D1-AA44-E5CA8411950E}.Debug|iPhone.ActiveCfg = Debug|iPhone
		{D0B729BC-21F1-40D1-AA44-E5CA8411950E}.Debug|iPhone.Build.0 = Debug|iPhone
		{D0B729BC-21F1-40D1-AA44-E5CA8411950E}.Debug|iPhoneSimulator.ActiveCfg = Debug|iPhoneSimulator
		{D0B729BC-21F1-40D1-AA44-E5CA8411950E}.Debug|iPhoneSimulator.Build.0 = Debug|iPhoneSimulator
		{D0B729BC-21F1-40D1-AA44-E5CA8411950E}.Release|Any CPU.ActiveCfg = Release|iPhone
		{D0B729BC-21F1-40D1-AA44-E5CA8411950E}.Release|iPhone.ActiveCfg = Release|iPhone
		{D0B729BC-21F1-40D1-AA44-E5CA8411950E}.Release|iPhone.Build.0 = Release|iPhone
		{D0B729BC-21F1-40D1-AA44-E5CA8411950E}.Release|iPhoneSimulator.ActiveCfg = Release|iPhoneSimulator
		{D0B729BC-21F1-40D1-AA44-E5CA8411950E}.Release|iPhoneSimulator.Build.0 = Release|iPhoneSimulator
		{96EE3135-6456-44A2-97B4-08BDEC1C84F8}.Ad-Hoc|Any CPU.ActiveCfg = Debug|Any CPU
		{96EE3135-6456-44A2-97B4-08BDEC1C84F8}.Ad-Hoc|Any CPU.Build.0 = Debug|Any CPU
		{96EE3135-6456-44A2-97B4-08BDEC1C84F8}.Ad-Hoc|iPhone.ActiveCfg = Debug|Any CPU
		{96EE3135-6456-44A2-97B4-08BDEC1C84F8}.Ad-Hoc|iPhone.Build.0 = Debug|Any CPU
		{96EE3135-6456-44A2-97B4-08BDEC1C84F8}.Ad-Hoc|iPhoneSimulator.ActiveCfg = Debug|Any CPU
		{96EE3135-6456-44A2-97B4-08BDEC1C84F8}.Ad-Hoc|iPhoneSimulator.Build.0 = Debug|Any CPU
		{96EE3135-6456-44A2-97B4-08BDEC1C84F8}.AppStore|Any CPU.ActiveCfg = Debug|Any CPU
		{96EE3135-6456-44A2-97B4-08BDEC1C84F8}.AppStore|Any CPU.Build.0 = Debug|Any CPU
		{96EE3135-6456-44A2-97B4-08BDEC1C84F8}.AppStore|iPhone.ActiveCfg = Debug|Any CPU
		{96EE3135-6456-44A2-97B4-08BDEC1C84F8}.AppStore|iPhone.Build.0 = Debug|Any CPU
		{96EE3135-6456-44A2-97B4-08BDEC1C84F8}.AppStore|iPhoneSimulator.ActiveCfg = Debug|Any CPU
		{96EE3135-6456-44A2-97B4-08BDEC1C84F8}.AppStore|iPhoneSimulator.Build.0 = Debug|Any CPU
		{96EE3135-6456-44A2-97B4-08BDEC1C84F8}.Debug|Any CPU.ActiveCfg = Debug|Any CPU
		{96EE3135-6456-44A2-97B4-08BDEC1C84F8}.Debug|Any CPU.Build.0 = Debug|Any CPU
		{96EE3135-6456-44A2-97B4-08BDEC1C84F8}.Debug|iPhone.ActiveCfg = Debug|Any CPU
		{96EE3135-6456-44A2-97B4-08BDEC1C84F8}.Debug|iPhone.Build.0 = Debug|Any CPU
		{96EE3135-6456-44A2-97B4-08BDEC1C84F8}.Debug|iPhoneSimulator.ActiveCfg = Debug|Any CPU
		{96EE3135-6456-44A2-97B4-08BDEC1C84F8}.Debug|iPhoneSimulator.Build.0 = Debug|Any CPU
		{96EE3135-6456-44A2-97B4-08BDEC1C84F8}.Release|Any CPU.ActiveCfg = Release|Any CPU
		{96EE3135-6456-44A2-97B4-08BDEC1C84F8}.Release|Any CPU.Build.0 = Release|Any CPU
		{96EE3135-6456-44A2-97B4-08BDEC1C84F8}.Release|iPhone.ActiveCfg = Release|Any CPU
		{96EE3135-6456-44A2-97B4-08BDEC1C84F8}.Release|iPhone.Build.0 = Release|Any CPU
		{96EE3135-6456-44A2-97B4-08BDEC1C84F8}.Release|iPhoneSimulator.ActiveCfg = Release|Any CPU
		{96EE3135-6456-44A2-97B4-08BDEC1C84F8}.Release|iPhoneSimulator.Build.0 = Release|Any CPU
	EndGlobalSection
	GlobalSection(SolutionProperties) = preSolution
		HideSolutionNode = FALSE
	EndGlobalSection
	GlobalSection(ExtensibilityGlobals) = postSolution
		SolutionGuid = {DB4B8644-5FD4-4508-9D65-C46D5513C313}
	EndGlobalSection
EndGlobal
