
Microsoft Visual Studio Solution File, Format Version 12.00
# Visual Studio 15
VisualStudioVersion = 15.0.27130.2024
MinimumVisualStudioVersion = 10.0.40219.1
Project("{FAE04EC0-301F-11D3-BF4B-00C04F79EFBC}") = "Road-rangerVS", "Road-rangerVS\Road-rangerVS.csproj", "{5315F753-3495-49FF-AC5F-FFC72ECE038A}"
EndProject
Project("{FAE04EC0-301F-11D3-BF4B-00C04F79EFBC}") = "RoadRangerTest", "RoadRangerTest\RoadRangerTest.csproj", "{97B28B52-1BDD-4F11-B7A9-4DF1D72B9DA1}"
EndProject
Project("{9A19103F-16F7-4668-BE54-9A1E7A4F7556}") = "RoadRangerBackEnd", "RoadRangerBackEnd\RoadRangerBackEnd.csproj", "{9C7B5A48-0244-47EC-884F-84DE5033A1B4}"
EndProject
Project("{FAE04EC0-301F-11D3-BF4B-00C04F79EFBC}") = "RoadRangerMobileApp.Android", "RoadRangerMobileApp\RoadRangerMobileApp.Android\RoadRangerMobileApp.Android.csproj", "{24CE3C36-16B9-426D-AA0C-5961ECF8D88C}"
EndProject
Project("{FAE04EC0-301F-11D3-BF4B-00C04F79EFBC}") = "RoadRangerMobileApp.iOS", "RoadRangerMobileApp\RoadRangerMobileApp.iOS\RoadRangerMobileApp.iOS.csproj", "{3E57F9B7-D087-43B4-9267-8550A4482605}"
EndProject
Project("{FAE04EC0-301F-11D3-BF4B-00C04F79EFBC}") = "RoadRangerMobileApp.MobileAppService", "RoadRangerMobileApp\RoadRangerMobileApp.MobileAppService\RoadRangerMobileApp.MobileAppService.csproj", "{253C0C7E-9F58-4234-B215-9C5F962A87AF}"
EndProject
Project("{FAE04EC0-301F-11D3-BF4B-00C04F79EFBC}") = "RoadRangerMobileApp", "RoadRangerMobileApp\RoadRangerMobileApp\RoadRangerMobileApp.csproj", "{A022C36C-DD36-442D-A923-D6ABEEB4D8CB}"
EndProject
Global
	GlobalSection(SolutionConfigurationPlatforms) = preSolution
		Ad-Hoc|Any CPU = Ad-Hoc|Any CPU
		Ad-Hoc|iPhone = Ad-Hoc|iPhone
		Ad-Hoc|iPhoneSimulator = Ad-Hoc|iPhoneSimulator
		AppStore|Any CPU = AppStore|Any CPU
		AppStore|iPhone = AppStore|iPhone
		AppStore|iPhoneSimulator = AppStore|iPhoneSimulator
		Debug|Any CPU = Debug|Any CPU
		Debug|iPhone = Debug|iPhone
		Debug|iPhoneSimulator = Debug|iPhoneSimulator
		Release|Any CPU = Release|Any CPU
		Release|iPhone = Release|iPhone
		Release|iPhoneSimulator = Release|iPhoneSimulator
	EndGlobalSection
	GlobalSection(ProjectConfigurationPlatforms) = postSolution
		{5315F753-3495-49FF-AC5F-FFC72ECE038A}.Ad-Hoc|Any CPU.ActiveCfg = Release|Any CPU
		{5315F753-3495-49FF-AC5F-FFC72ECE038A}.Ad-Hoc|Any CPU.Build.0 = Release|Any CPU
		{5315F753-3495-49FF-AC5F-FFC72ECE038A}.Ad-Hoc|iPhone.ActiveCfg = Release|Any CPU
		{5315F753-3495-49FF-AC5F-FFC72ECE038A}.Ad-Hoc|iPhone.Build.0 = Release|Any CPU
		{5315F753-3495-49FF-AC5F-FFC72ECE038A}.Ad-Hoc|iPhoneSimulator.ActiveCfg = Release|Any CPU
		{5315F753-3495-49FF-AC5F-FFC72ECE038A}.Ad-Hoc|iPhoneSimulator.Build.0 = Release|Any CPU
		{5315F753-3495-49FF-AC5F-FFC72ECE038A}.AppStore|Any CPU.ActiveCfg = Release|Any CPU
		{5315F753-3495-49FF-AC5F-FFC72ECE038A}.AppStore|Any CPU.Build.0 = Release|Any CPU
		{5315F753-3495-49FF-AC5F-FFC72ECE038A}.AppStore|iPhone.ActiveCfg = Release|Any CPU
		{5315F753-3495-49FF-AC5F-FFC72ECE038A}.AppStore|iPhone.Build.0 = Release|Any CPU
		{5315F753-3495-49FF-AC5F-FFC72ECE038A}.AppStore|iPhoneSimulator.ActiveCfg = Release|Any CPU
		{5315F753-3495-49FF-AC5F-FFC72ECE038A}.AppStore|iPhoneSimulator.Build.0 = Release|Any CPU
		{5315F753-3495-49FF-AC5F-FFC72ECE038A}.Debug|Any CPU.ActiveCfg = Debug|Any CPU
		{5315F753-3495-49FF-AC5F-FFC72ECE038A}.Debug|Any CPU.Build.0 = Debug|Any CPU
		{5315F753-3495-49FF-AC5F-FFC72ECE038A}.Debug|iPhone.ActiveCfg = Debug|Any CPU
		{5315F753-3495-49FF-AC5F-FFC72ECE038A}.Debug|iPhone.Build.0 = Debug|Any CPU
		{5315F753-3495-49FF-AC5F-FFC72ECE038A}.Debug|iPhoneSimulator.ActiveCfg = Debug|Any CPU
		{5315F753-3495-49FF-AC5F-FFC72ECE038A}.Debug|iPhoneSimulator.Build.0 = Debug|Any CPU
		{5315F753-3495-49FF-AC5F-FFC72ECE038A}.Release|Any CPU.ActiveCfg = Release|Any CPU
		{5315F753-3495-49FF-AC5F-FFC72ECE038A}.Release|Any CPU.Build.0 = Release|Any CPU
		{5315F753-3495-49FF-AC5F-FFC72ECE038A}.Release|iPhone.ActiveCfg = Release|Any CPU
		{5315F753-3495-49FF-AC5F-FFC72ECE038A}.Release|iPhone.Build.0 = Release|Any CPU
		{5315F753-3495-49FF-AC5F-FFC72ECE038A}.Release|iPhoneSimulator.ActiveCfg = Release|Any CPU
		{5315F753-3495-49FF-AC5F-FFC72ECE038A}.Release|iPhoneSimulator.Build.0 = Release|Any CPU
		{97B28B52-1BDD-4F11-B7A9-4DF1D72B9DA1}.Ad-Hoc|Any CPU.ActiveCfg = Release|Any CPU
		{97B28B52-1BDD-4F11-B7A9-4DF1D72B9DA1}.Ad-Hoc|Any CPU.Build.0 = Release|Any CPU
		{97B28B52-1BDD-4F11-B7A9-4DF1D72B9DA1}.Ad-Hoc|iPhone.ActiveCfg = Release|Any CPU
		{97B28B52-1BDD-4F11-B7A9-4DF1D72B9DA1}.Ad-Hoc|iPhone.Build.0 = Release|Any CPU
		{97B28B52-1BDD-4F11-B7A9-4DF1D72B9DA1}.Ad-Hoc|iPhoneSimulator.ActiveCfg = Release|Any CPU
		{97B28B52-1BDD-4F11-B7A9-4DF1D72B9DA1}.Ad-Hoc|iPhoneSimulator.Build.0 = Release|Any CPU
		{97B28B52-1BDD-4F11-B7A9-4DF1D72B9DA1}.AppStore|Any CPU.ActiveCfg = Release|Any CPU
		{97B28B52-1BDD-4F11-B7A9-4DF1D72B9DA1}.AppStore|Any CPU.Build.0 = Release|Any CPU
		{97B28B52-1BDD-4F11-B7A9-4DF1D72B9DA1}.AppStore|iPhone.ActiveCfg = Release|Any CPU
		{97B28B52-1BDD-4F11-B7A9-4DF1D72B9DA1}.AppStore|iPhone.Build.0 = Release|Any CPU
		{97B28B52-1BDD-4F11-B7A9-4DF1D72B9DA1}.AppStore|iPhoneSimulator.ActiveCfg = Release|Any CPU
		{97B28B52-1BDD-4F11-B7A9-4DF1D72B9DA1}.AppStore|iPhoneSimulator.Build.0 = Release|Any CPU
		{97B28B52-1BDD-4F11-B7A9-4DF1D72B9DA1}.Debug|Any CPU.ActiveCfg = Debug|Any CPU
		{97B28B52-1BDD-4F11-B7A9-4DF1D72B9DA1}.Debug|Any CPU.Build.0 = Debug|Any CPU
		{97B28B52-1BDD-4F11-B7A9-4DF1D72B9DA1}.Debug|iPhone.ActiveCfg = Debug|Any CPU
		{97B28B52-1BDD-4F11-B7A9-4DF1D72B9DA1}.Debug|iPhone.Build.0 = Debug|Any CPU
		{97B28B52-1BDD-4F11-B7A9-4DF1D72B9DA1}.Debug|iPhoneSimulator.ActiveCfg = Debug|Any CPU
		{97B28B52-1BDD-4F11-B7A9-4DF1D72B9DA1}.Debug|iPhoneSimulator.Build.0 = Debug|Any CPU
		{97B28B52-1BDD-4F11-B7A9-4DF1D72B9DA1}.Release|Any CPU.ActiveCfg = Release|Any CPU
		{97B28B52-1BDD-4F11-B7A9-4DF1D72B9DA1}.Release|Any CPU.Build.0 = Release|Any CPU
		{97B28B52-1BDD-4F11-B7A9-4DF1D72B9DA1}.Release|iPhone.ActiveCfg = Release|Any CPU
		{97B28B52-1BDD-4F11-B7A9-4DF1D72B9DA1}.Release|iPhone.Build.0 = Release|Any CPU
		{97B28B52-1BDD-4F11-B7A9-4DF1D72B9DA1}.Release|iPhoneSimulator.ActiveCfg = Release|Any CPU
		{97B28B52-1BDD-4F11-B7A9-4DF1D72B9DA1}.Release|iPhoneSimulator.Build.0 = Release|Any CPU
		{9C7B5A48-0244-47EC-884F-84DE5033A1B4}.Ad-Hoc|Any CPU.ActiveCfg = Debug|Any CPU
		{9C7B5A48-0244-47EC-884F-84DE5033A1B4}.Ad-Hoc|Any CPU.Build.0 = Debug|Any CPU
		{9C7B5A48-0244-47EC-884F-84DE5033A1B4}.Ad-Hoc|iPhone.ActiveCfg = Debug|Any CPU
		{9C7B5A48-0244-47EC-884F-84DE5033A1B4}.Ad-Hoc|iPhone.Build.0 = Debug|Any CPU
		{9C7B5A48-0244-47EC-884F-84DE5033A1B4}.Ad-Hoc|iPhoneSimulator.ActiveCfg = Debug|Any CPU
		{9C7B5A48-0244-47EC-884F-84DE5033A1B4}.Ad-Hoc|iPhoneSimulator.Build.0 = Debug|Any CPU
		{9C7B5A48-0244-47EC-884F-84DE5033A1B4}.AppStore|Any CPU.ActiveCfg = Debug|Any CPU
		{9C7B5A48-0244-47EC-884F-84DE5033A1B4}.AppStore|Any CPU.Build.0 = Debug|Any CPU
		{9C7B5A48-0244-47EC-884F-84DE5033A1B4}.AppStore|iPhone.ActiveCfg = Debug|Any CPU
		{9C7B5A48-0244-47EC-884F-84DE5033A1B4}.AppStore|iPhone.Build.0 = Debug|Any CPU
		{9C7B5A48-0244-47EC-884F-84DE5033A1B4}.AppStore|iPhoneSimulator.ActiveCfg = Debug|Any CPU
		{9C7B5A48-0244-47EC-884F-84DE5033A1B4}.AppStore|iPhoneSimulator.Build.0 = Debug|Any CPU
		{9C7B5A48-0244-47EC-884F-84DE5033A1B4}.Debug|Any CPU.ActiveCfg = Debug|Any CPU
		{9C7B5A48-0244-47EC-884F-84DE5033A1B4}.Debug|Any CPU.Build.0 = Debug|Any CPU
		{9C7B5A48-0244-47EC-884F-84DE5033A1B4}.Debug|iPhone.ActiveCfg = Debug|Any CPU
		{9C7B5A48-0244-47EC-884F-84DE5033A1B4}.Debug|iPhone.Build.0 = Debug|Any CPU
		{9C7B5A48-0244-47EC-884F-84DE5033A1B4}.Debug|iPhoneSimulator.ActiveCfg = Debug|Any CPU
		{9C7B5A48-0244-47EC-884F-84DE5033A1B4}.Debug|iPhoneSimulator.Build.0 = Debug|Any CPU
		{9C7B5A48-0244-47EC-884F-84DE5033A1B4}.Release|Any CPU.ActiveCfg = Release|Any CPU
		{9C7B5A48-0244-47EC-884F-84DE5033A1B4}.Release|Any CPU.Build.0 = Release|Any CPU
		{9C7B5A48-0244-47EC-884F-84DE5033A1B4}.Release|iPhone.ActiveCfg = Release|Any CPU
		{9C7B5A48-0244-47EC-884F-84DE5033A1B4}.Release|iPhone.Build.0 = Release|Any CPU
		{9C7B5A48-0244-47EC-884F-84DE5033A1B4}.Release|iPhoneSimulator.ActiveCfg = Release|Any CPU
		{9C7B5A48-0244-47EC-884F-84DE5033A1B4}.Release|iPhoneSimulator.Build.0 = Release|Any CPU
		{24CE3C36-16B9-426D-AA0C-5961ECF8D88C}.Ad-Hoc|Any CPU.ActiveCfg = Release|Any CPU
		{24CE3C36-16B9-426D-AA0C-5961ECF8D88C}.Ad-Hoc|Any CPU.Build.0 = Release|Any CPU
		{24CE3C36-16B9-426D-AA0C-5961ECF8D88C}.Ad-Hoc|Any CPU.Deploy.0 = Release|Any CPU
		{24CE3C36-16B9-426D-AA0C-5961ECF8D88C}.Ad-Hoc|iPhone.ActiveCfg = Release|Any CPU
		{24CE3C36-16B9-426D-AA0C-5961ECF8D88C}.Ad-Hoc|iPhone.Build.0 = Release|Any CPU
		{24CE3C36-16B9-426D-AA0C-5961ECF8D88C}.Ad-Hoc|iPhone.Deploy.0 = Release|Any CPU
		{24CE3C36-16B9-426D-AA0C-5961ECF8D88C}.Ad-Hoc|iPhoneSimulator.ActiveCfg = Release|Any CPU
		{24CE3C36-16B9-426D-AA0C-5961ECF8D88C}.Ad-Hoc|iPhoneSimulator.Build.0 = Release|Any CPU
		{24CE3C36-16B9-426D-AA0C-5961ECF8D88C}.Ad-Hoc|iPhoneSimulator.Deploy.0 = Release|Any CPU
		{24CE3C36-16B9-426D-AA0C-5961ECF8D88C}.AppStore|Any CPU.ActiveCfg = Release|Any CPU
		{24CE3C36-16B9-426D-AA0C-5961ECF8D88C}.AppStore|Any CPU.Build.0 = Release|Any CPU
		{24CE3C36-16B9-426D-AA0C-5961ECF8D88C}.AppStore|Any CPU.Deploy.0 = Release|Any CPU
		{24CE3C36-16B9-426D-AA0C-5961ECF8D88C}.AppStore|iPhone.ActiveCfg = Release|Any CPU
		{24CE3C36-16B9-426D-AA0C-5961ECF8D88C}.AppStore|iPhone.Build.0 = Release|Any CPU
		{24CE3C36-16B9-426D-AA0C-5961ECF8D88C}.AppStore|iPhone.Deploy.0 = Release|Any CPU
		{24CE3C36-16B9-426D-AA0C-5961ECF8D88C}.AppStore|iPhoneSimulator.ActiveCfg = Release|Any CPU
		{24CE3C36-16B9-426D-AA0C-5961ECF8D88C}.AppStore|iPhoneSimulator.Build.0 = Release|Any CPU
		{24CE3C36-16B9-426D-AA0C-5961ECF8D88C}.AppStore|iPhoneSimulator.Deploy.0 = Release|Any CPU
		{24CE3C36-16B9-426D-AA0C-5961ECF8D88C}.Debug|Any CPU.ActiveCfg = Debug|Any CPU
		{24CE3C36-16B9-426D-AA0C-5961ECF8D88C}.Debug|Any CPU.Build.0 = Debug|Any CPU
		{24CE3C36-16B9-426D-AA0C-5961ECF8D88C}.Debug|Any CPU.Deploy.0 = Debug|Any CPU
		{24CE3C36-16B9-426D-AA0C-5961ECF8D88C}.Debug|iPhone.ActiveCfg = Debug|Any CPU
		{24CE3C36-16B9-426D-AA0C-5961ECF8D88C}.Debug|iPhone.Build.0 = Debug|Any CPU
		{24CE3C36-16B9-426D-AA0C-5961ECF8D88C}.Debug|iPhone.Deploy.0 = Debug|Any CPU
		{24CE3C36-16B9-426D-AA0C-5961ECF8D88C}.Debug|iPhoneSimulator.ActiveCfg = Debug|Any CPU
		{24CE3C36-16B9-426D-AA0C-5961ECF8D88C}.Debug|iPhoneSimulator.Build.0 = Debug|Any CPU
		{24CE3C36-16B9-426D-AA0C-5961ECF8D88C}.Debug|iPhoneSimulator.Deploy.0 = Debug|Any CPU
		{24CE3C36-16B9-426D-AA0C-5961ECF8D88C}.Release|Any CPU.ActiveCfg = Release|Any CPU
		{24CE3C36-16B9-426D-AA0C-5961ECF8D88C}.Release|Any CPU.Build.0 = Release|Any CPU
		{24CE3C36-16B9-426D-AA0C-5961ECF8D88C}.Release|Any CPU.Deploy.0 = Release|Any CPU
		{24CE3C36-16B9-426D-AA0C-5961ECF8D88C}.Release|iPhone.ActiveCfg = Release|Any CPU
		{24CE3C36-16B9-426D-AA0C-5961ECF8D88C}.Release|iPhone.Build.0 = Release|Any CPU
		{24CE3C36-16B9-426D-AA0C-5961ECF8D88C}.Release|iPhone.Deploy.0 = Release|Any CPU
		{24CE3C36-16B9-426D-AA0C-5961ECF8D88C}.Release|iPhoneSimulator.ActiveCfg = Release|Any CPU
		{24CE3C36-16B9-426D-AA0C-5961ECF8D88C}.Release|iPhoneSimulator.Build.0 = Release|Any CPU
		{24CE3C36-16B9-426D-AA0C-5961ECF8D88C}.Release|iPhoneSimulator.Deploy.0 = Release|Any CPU
		{3E57F9B7-D087-43B4-9267-8550A4482605}.Ad-Hoc|Any CPU.ActiveCfg = Release|iPhone
		{3E57F9B7-D087-43B4-9267-8550A4482605}.Ad-Hoc|Any CPU.Build.0 = Release|iPhone
		{3E57F9B7-D087-43B4-9267-8550A4482605}.Ad-Hoc|iPhone.ActiveCfg = Release|iPhone
		{3E57F9B7-D087-43B4-9267-8550A4482605}.Ad-Hoc|iPhone.Build.0 = Release|iPhone
		{3E57F9B7-D087-43B4-9267-8550A4482605}.Ad-Hoc|iPhoneSimulator.ActiveCfg = Release|iPhoneSimulator
		{3E57F9B7-D087-43B4-9267-8550A4482605}.Ad-Hoc|iPhoneSimulator.Build.0 = Release|iPhoneSimulator
		{3E57F9B7-D087-43B4-9267-8550A4482605}.AppStore|Any CPU.ActiveCfg = Release|iPhone
		{3E57F9B7-D087-43B4-9267-8550A4482605}.AppStore|Any CPU.Build.0 = Release|iPhone
		{3E57F9B7-D087-43B4-9267-8550A4482605}.AppStore|iPhone.ActiveCfg = Release|iPhone
		{3E57F9B7-D087-43B4-9267-8550A4482605}.AppStore|iPhone.Build.0 = Release|iPhone
		{3E57F9B7-D087-43B4-9267-8550A4482605}.AppStore|iPhoneSimulator.ActiveCfg = Release|iPhoneSimulator
		{3E57F9B7-D087-43B4-9267-8550A4482605}.AppStore|iPhoneSimulator.Build.0 = Release|iPhoneSimulator
		{3E57F9B7-D087-43B4-9267-8550A4482605}.Debug|Any CPU.ActiveCfg = Debug|iPhone
		{3E57F9B7-D087-43B4-9267-8550A4482605}.Debug|iPhone.ActiveCfg = Debug|iPhone
		{3E57F9B7-D087-43B4-9267-8550A4482605}.Debug|iPhone.Build.0 = Debug|iPhone
		{3E57F9B7-D087-43B4-9267-8550A4482605}.Debug|iPhoneSimulator.ActiveCfg = Debug|iPhoneSimulator
		{3E57F9B7-D087-43B4-9267-8550A4482605}.Debug|iPhoneSimulator.Build.0 = Debug|iPhoneSimulator
		{3E57F9B7-D087-43B4-9267-8550A4482605}.Release|Any CPU.ActiveCfg = Release|iPhone
		{3E57F9B7-D087-43B4-9267-8550A4482605}.Release|iPhone.ActiveCfg = Release|iPhone
		{3E57F9B7-D087-43B4-9267-8550A4482605}.Release|iPhone.Build.0 = Release|iPhone
		{3E57F9B7-D087-43B4-9267-8550A4482605}.Release|iPhoneSimulator.ActiveCfg = Release|iPhoneSimulator
		{3E57F9B7-D087-43B4-9267-8550A4482605}.Release|iPhoneSimulator.Build.0 = Release|iPhoneSimulator
		{253C0C7E-9F58-4234-B215-9C5F962A87AF}.Ad-Hoc|Any CPU.ActiveCfg = Debug|Any CPU
		{253C0C7E-9F58-4234-B215-9C5F962A87AF}.Ad-Hoc|Any CPU.Build.0 = Debug|Any CPU
		{253C0C7E-9F58-4234-B215-9C5F962A87AF}.Ad-Hoc|iPhone.ActiveCfg = Debug|Any CPU
		{253C0C7E-9F58-4234-B215-9C5F962A87AF}.Ad-Hoc|iPhone.Build.0 = Debug|Any CPU
		{253C0C7E-9F58-4234-B215-9C5F962A87AF}.Ad-Hoc|iPhoneSimulator.ActiveCfg = Debug|Any CPU
		{253C0C7E-9F58-4234-B215-9C5F962A87AF}.Ad-Hoc|iPhoneSimulator.Build.0 = Debug|Any CPU
		{253C0C7E-9F58-4234-B215-9C5F962A87AF}.AppStore|Any CPU.ActiveCfg = Debug|Any CPU
		{253C0C7E-9F58-4234-B215-9C5F962A87AF}.AppStore|Any CPU.Build.0 = Debug|Any CPU
		{253C0C7E-9F58-4234-B215-9C5F962A87AF}.AppStore|iPhone.ActiveCfg = Debug|Any CPU
		{253C0C7E-9F58-4234-B215-9C5F962A87AF}.AppStore|iPhone.Build.0 = Debug|Any CPU
		{253C0C7E-9F58-4234-B215-9C5F962A87AF}.AppStore|iPhoneSimulator.ActiveCfg = Debug|Any CPU
		{253C0C7E-9F58-4234-B215-9C5F962A87AF}.AppStore|iPhoneSimulator.Build.0 = Debug|Any CPU
		{253C0C7E-9F58-4234-B215-9C5F962A87AF}.Debug|Any CPU.ActiveCfg = Debug|Any CPU
		{253C0C7E-9F58-4234-B215-9C5F962A87AF}.Debug|Any CPU.Build.0 = Debug|Any CPU
		{253C0C7E-9F58-4234-B215-9C5F962A87AF}.Debug|iPhone.ActiveCfg = Debug|Any CPU
		{253C0C7E-9F58-4234-B215-9C5F962A87AF}.Debug|iPhone.Build.0 = Debug|Any CPU
		{253C0C7E-9F58-4234-B215-9C5F962A87AF}.Debug|iPhoneSimulator.ActiveCfg = Debug|Any CPU
		{253C0C7E-9F58-4234-B215-9C5F962A87AF}.Debug|iPhoneSimulator.Build.0 = Debug|Any CPU
		{253C0C7E-9F58-4234-B215-9C5F962A87AF}.Release|Any CPU.ActiveCfg = Release|Any CPU
		{253C0C7E-9F58-4234-B215-9C5F962A87AF}.Release|Any CPU.Build.0 = Release|Any CPU
		{253C0C7E-9F58-4234-B215-9C5F962A87AF}.Release|iPhone.ActiveCfg = Release|Any CPU
		{253C0C7E-9F58-4234-B215-9C5F962A87AF}.Release|iPhone.Build.0 = Release|Any CPU
		{253C0C7E-9F58-4234-B215-9C5F962A87AF}.Release|iPhoneSimulator.ActiveCfg = Release|Any CPU
		{253C0C7E-9F58-4234-B215-9C5F962A87AF}.Release|iPhoneSimulator.Build.0 = Release|Any CPU
		{A022C36C-DD36-442D-A923-D6ABEEB4D8CB}.Ad-Hoc|Any CPU.ActiveCfg = Debug|Any CPU
		{A022C36C-DD36-442D-A923-D6ABEEB4D8CB}.Ad-Hoc|Any CPU.Build.0 = Debug|Any CPU
		{A022C36C-DD36-442D-A923-D6ABEEB4D8CB}.Ad-Hoc|iPhone.ActiveCfg = Debug|Any CPU
		{A022C36C-DD36-442D-A923-D6ABEEB4D8CB}.Ad-Hoc|iPhone.Build.0 = Debug|Any CPU
		{A022C36C-DD36-442D-A923-D6ABEEB4D8CB}.Ad-Hoc|iPhoneSimulator.ActiveCfg = Debug|Any CPU
		{A022C36C-DD36-442D-A923-D6ABEEB4D8CB}.Ad-Hoc|iPhoneSimulator.Build.0 = Debug|Any CPU
		{A022C36C-DD36-442D-A923-D6ABEEB4D8CB}.AppStore|Any CPU.ActiveCfg = Debug|Any CPU
		{A022C36C-DD36-442D-A923-D6ABEEB4D8CB}.AppStore|Any CPU.Build.0 = Debug|Any CPU
		{A022C36C-DD36-442D-A923-D6ABEEB4D8CB}.AppStore|iPhone.ActiveCfg = Debug|Any CPU
		{A022C36C-DD36-442D-A923-D6ABEEB4D8CB}.AppStore|iPhone.Build.0 = Debug|Any CPU
		{A022C36C-DD36-442D-A923-D6ABEEB4D8CB}.AppStore|iPhoneSimulator.ActiveCfg = Debug|Any CPU
		{A022C36C-DD36-442D-A923-D6ABEEB4D8CB}.AppStore|iPhoneSimulator.Build.0 = Debug|Any CPU
		{A022C36C-DD36-442D-A923-D6ABEEB4D8CB}.Debug|Any CPU.ActiveCfg = Debug|Any CPU
		{A022C36C-DD36-442D-A923-D6ABEEB4D8CB}.Debug|Any CPU.Build.0 = Debug|Any CPU
		{A022C36C-DD36-442D-A923-D6ABEEB4D8CB}.Debug|iPhone.ActiveCfg = Debug|Any CPU
		{A022C36C-DD36-442D-A923-D6ABEEB4D8CB}.Debug|iPhone.Build.0 = Debug|Any CPU
		{A022C36C-DD36-442D-A923-D6ABEEB4D8CB}.Debug|iPhoneSimulator.ActiveCfg = Debug|Any CPU
		{A022C36C-DD36-442D-A923-D6ABEEB4D8CB}.Debug|iPhoneSimulator.Build.0 = Debug|Any CPU
		{A022C36C-DD36-442D-A923-D6ABEEB4D8CB}.Release|Any CPU.ActiveCfg = Release|Any CPU
		{A022C36C-DD36-442D-A923-D6ABEEB4D8CB}.Release|Any CPU.Build.0 = Release|Any CPU
		{A022C36C-DD36-442D-A923-D6ABEEB4D8CB}.Release|iPhone.ActiveCfg = Release|Any CPU
		{A022C36C-DD36-442D-A923-D6ABEEB4D8CB}.Release|iPhone.Build.0 = Release|Any CPU
		{A022C36C-DD36-442D-A923-D6ABEEB4D8CB}.Release|iPhoneSimulator.ActiveCfg = Release|Any CPU
		{A022C36C-DD36-442D-A923-D6ABEEB4D8CB}.Release|iPhoneSimulator.Build.0 = Release|Any CPU
	EndGlobalSection
	GlobalSection(SolutionProperties) = preSolution
		HideSolutionNode = FALSE
	EndGlobalSection
	GlobalSection(ExtensibilityGlobals) = postSolution
		SolutionGuid = {DB4B8644-5FD4-4508-9D65-C46D5513C313}
	EndGlobalSection
EndGlobal
