
Microsoft Visual Studio Solution File, Format Version 12.00
# Visual Studio 15
VisualStudioVersion = 15.0.28010.2026
MinimumVisualStudioVersion = 10.0.40219.1
Project("{FAE04EC0-301F-11D3-BF4B-00C04F79EFBC}") = "Road-rangerVS", "Road-rangerVS\Road-rangerVS.csproj", "{5315F753-3495-49FF-AC5F-FFC72ECE038A}"
EndProject
Global
	GlobalSection(SolutionConfigurationPlatforms) = preSolution
		Debug|Any CPU = Debug|Any CPU
		Release|Any CPU = Release|Any CPU
	EndGlobalSection
	GlobalSection(ProjectConfigurationPlatforms) = postSolution
		{5315F753-3495-49FF-AC5F-FFC72ECE038A}.Debug|Any CPU.ActiveCfg = Debug|Any CPU
		{5315F753-3495-49FF-AC5F-FFC72ECE038A}.Debug|Any CPU.Build.0 = Debug|Any CPU
		{5315F753-3495-49FF-AC5F-FFC72ECE038A}.Release|Any CPU.ActiveCfg = Release|Any CPU
		{5315F753-3495-49FF-AC5F-FFC72ECE038A}.Release|Any CPU.Build.0 = Release|Any CPU
	EndGlobalSection
	GlobalSection(SolutionProperties) = preSolution
		HideSolutionNode = FALSE
	EndGlobalSection
	GlobalSection(ExtensibilityGlobals) = postSolution
		SolutionGuid = {DB4B8644-5FD4-4508-9D65-C46D5513C313}
	EndGlobalSection
EndGlobal
